
Microsoft Visual Studio Solution File, Format Version 12.00
# Visual Studio 15
VisualStudioVersion = 15.0.27004.2009
MinimumVisualStudioVersion = 10.0.40219.1
Project("{FAE04EC0-301F-11D3-BF4B-00C04F79EFBC}") = "OrcamentosSuporte", "OrcamentosSuporte\OrcamentosSuporte.csproj", "{20D29090-0A2E-46BF-85E1-EBAB7929A71A}"
EndProject
Global
	GlobalSection(SolutionConfigurationPlatforms) = preSolution
		Debug|Any CPU = Debug|Any CPU
		Release|Any CPU = Release|Any CPU
	EndGlobalSection
	GlobalSection(ProjectConfigurationPlatforms) = postSolution
		{20D29090-0A2E-46BF-85E1-EBAB7929A71A}.Debug|Any CPU.ActiveCfg = Debug|Any CPU
		{20D29090-0A2E-46BF-85E1-EBAB7929A71A}.Debug|Any CPU.Build.0 = Debug|Any CPU
		{20D29090-0A2E-46BF-85E1-EBAB7929A71A}.Release|Any CPU.ActiveCfg = Release|Any CPU
		{20D29090-0A2E-46BF-85E1-EBAB7929A71A}.Release|Any CPU.Build.0 = Release|Any CPU
	EndGlobalSection
	GlobalSection(SolutionProperties) = preSolution
		HideSolutionNode = FALSE
	EndGlobalSection
	GlobalSection(ExtensibilityGlobals) = postSolution
		SolutionGuid = {14B1D40D-AB90-4161-9BAE-E92C84F5AE74}
	EndGlobalSection
EndGlobal
